
Microsoft Visual Studio Solution File, Format Version 12.00
# Visual Studio Version 17
VisualStudioVersion = 17.5.002.0
MinimumVisualStudioVersion = 10.0.40219.1
Project("{9A19103F-16F7-4668-BE54-9A1E7A4F7556}") = "DesafioFundamentos", "DesafioFundamentos\DesafioFundamentos.csproj", "{81641B17-10CD-4096-992F-14D4B43A8E4A}"
EndProject
Global
	GlobalSection(SolutionConfigurationPlatforms) = preSolution
		Debug|Any CPU = Debug|Any CPU
		Release|Any CPU = Release|Any CPU
	EndGlobalSection
	GlobalSection(ProjectConfigurationPlatforms) = postSolution
		{81641B17-10CD-4096-992F-14D4B43A8E4A}.Debug|Any CPU.ActiveCfg = Debug|Any CPU
		{81641B17-10CD-4096-992F-14D4B43A8E4A}.Debug|Any CPU.Build.0 = Debug|Any CPU
		{81641B17-10CD-4096-992F-14D4B43A8E4A}.Release|Any CPU.ActiveCfg = Release|Any CPU
		{81641B17-10CD-4096-992F-14D4B43A8E4A}.Release|Any CPU.Build.0 = Release|Any CPU
	EndGlobalSection
	GlobalSection(SolutionProperties) = preSolution
		HideSolutionNode = FALSE
	EndGlobalSection
	GlobalSection(ExtensibilityGlobals) = postSolution
		SolutionGuid = {3B9223AD-B00E-482F-9CA2-A94CF60B14AD}
	EndGlobalSection
EndGlobal
